
Microsoft Visual Studio Solution File, Format Version 12.00
# Visual Studio Version 16
VisualStudioVersion = 16.0.30804.86
MinimumVisualStudioVersion = 10.0.40219.1
Project("{FAE04EC0-301F-11D3-BF4B-00C04F79EFBC}") = "AdressDropdownlist", "AdressDropdownlist\AdressDropdownlist.csproj", "{B401B2E9-7631-4084-93EB-BE40A8F3312A}"
EndProject
Global
	GlobalSection(SolutionConfigurationPlatforms) = preSolution
		Debug|Any CPU = Debug|Any CPU
		Release|Any CPU = Release|Any CPU
	EndGlobalSection
	GlobalSection(ProjectConfigurationPlatforms) = postSolution
		{B401B2E9-7631-4084-93EB-BE40A8F3312A}.Debug|Any CPU.ActiveCfg = Debug|Any CPU
		{B401B2E9-7631-4084-93EB-BE40A8F3312A}.Debug|Any CPU.Build.0 = Debug|Any CPU
		{B401B2E9-7631-4084-93EB-BE40A8F3312A}.Release|Any CPU.ActiveCfg = Release|Any CPU
		{B401B2E9-7631-4084-93EB-BE40A8F3312A}.Release|Any CPU.Build.0 = Release|Any CPU
	EndGlobalSection
	GlobalSection(SolutionProperties) = preSolution
		HideSolutionNode = FALSE
	EndGlobalSection
	GlobalSection(ExtensibilityGlobals) = postSolution
		SolutionGuid = {2BA0283F-2C5C-45B5-AF8C-99F03CDAC8FC}
	EndGlobalSection
EndGlobal
